# THIS IS AN AUTOGENERATED FILE. DO NOT EDIT THIS FILE DIRECTLY.
# yarn lockfile v1


"@esbuild/android-arm64@0.19.5":
  version "0.19.5"
  resolved "https://registry.yarnpkg.com/@esbuild/android-arm64/-/android-arm64-0.19.5.tgz#276c5f99604054d3dbb733577e09adae944baa90"
  integrity sha512-5d1OkoJxnYQfmC+Zd8NBFjkhyCNYwM4n9ODrycTFY6Jk1IGiZ+tjVJDDSwDt77nK+tfpGP4T50iMtVi4dEGzhQ==

"@esbuild/android-arm@0.19.5":
  version "0.19.5"
  resolved "https://registry.yarnpkg.com/@esbuild/android-arm/-/android-arm-0.19.5.tgz#4a3cbf14758166abaae8ba9c01a80e68342a4eec"
  integrity sha512-bhvbzWFF3CwMs5tbjf3ObfGqbl/17ict2/uwOSfr3wmxDE6VdS2GqY/FuzIPe0q0bdhj65zQsvqfArI9MY6+AA==

"@esbuild/android-x64@0.19.5":
  version "0.19.5"
  resolved "https://registry.yarnpkg.com/@esbuild/android-x64/-/android-x64-0.19.5.tgz#21a3d11cd4613d2d3c5ccb9e746c254eb9265b0a"
  integrity sha512-9t+28jHGL7uBdkBjL90QFxe7DVA+KGqWlHCF8ChTKyaKO//VLuoBricQCgwhOjA1/qOczsw843Fy4cbs4H3DVA==

"@esbuild/darwin-arm64@0.19.5":
  version "0.19.5"
  resolved "https://registry.yarnpkg.com/@esbuild/darwin-arm64/-/darwin-arm64-0.19.5.tgz#714cb839f467d6a67b151ee8255886498e2b9bf6"
  integrity sha512-mvXGcKqqIqyKoxq26qEDPHJuBYUA5KizJncKOAf9eJQez+L9O+KfvNFu6nl7SCZ/gFb2QPaRqqmG0doSWlgkqw==

"@esbuild/darwin-x64@0.19.5":
  version "0.19.5"
  resolved "https://registry.yarnpkg.com/@esbuild/darwin-x64/-/darwin-x64-0.19.5.tgz#2c553e97a6d2b4ae76a884e35e6cbab85a990bbf"
  integrity sha512-Ly8cn6fGLNet19s0X4unjcniX24I0RqjPv+kurpXabZYSXGM4Pwpmf85WHJN3lAgB8GSth7s5A0r856S+4DyiA==

"@esbuild/freebsd-arm64@0.19.5":
  version "0.19.5"
  resolved "https://registry.yarnpkg.com/@esbuild/freebsd-arm64/-/freebsd-arm64-0.19.5.tgz#d554f556718adb31917a0da24277bf84b6ee87f3"
  integrity sha512-GGDNnPWTmWE+DMchq1W8Sd0mUkL+APvJg3b11klSGUDvRXh70JqLAO56tubmq1s2cgpVCSKYywEiKBfju8JztQ==

"@esbuild/freebsd-x64@0.19.5":
  version "0.19.5"
  resolved "https://registry.yarnpkg.com/@esbuild/freebsd-x64/-/freebsd-x64-0.19.5.tgz#288f7358a3bb15d99e73c65c9adaa3dabb497432"
  integrity sha512-1CCwDHnSSoA0HNwdfoNY0jLfJpd7ygaLAp5EHFos3VWJCRX9DMwWODf96s9TSse39Br7oOTLryRVmBoFwXbuuQ==

"@esbuild/linux-arm64@0.19.5":
  version "0.19.5"
  resolved "https://registry.yarnpkg.com/@esbuild/linux-arm64/-/linux-arm64-0.19.5.tgz#95933ae86325c93cb6b5e8333d22120ecfdc901b"
  integrity sha512-o3vYippBmSrjjQUCEEiTZ2l+4yC0pVJD/Dl57WfPwwlvFkrxoSO7rmBZFii6kQB3Wrn/6GwJUPLU5t52eq2meA==

"@esbuild/linux-arm@0.19.5":
  version "0.19.5"
  resolved "https://registry.yarnpkg.com/@esbuild/linux-arm/-/linux-arm-0.19.5.tgz#0acef93aa3e0579e46d33b666627bddb06636664"
  integrity sha512-lrWXLY/vJBzCPC51QN0HM71uWgIEpGSjSZZADQhq7DKhPcI6NH1IdzjfHkDQws2oNpJKpR13kv7/pFHBbDQDwQ==

"@esbuild/linux-ia32@0.19.5":
  version "0.19.5"
  resolved "https://registry.yarnpkg.com/@esbuild/linux-ia32/-/linux-ia32-0.19.5.tgz#b6e5c9e80b42131cbd6b1ddaa48c92835f1ed67f"
  integrity sha512-MkjHXS03AXAkNp1KKkhSKPOCYztRtK+KXDNkBa6P78F8Bw0ynknCSClO/ztGszILZtyO/lVKpa7MolbBZ6oJtQ==

"@esbuild/linux-loong64@0.19.5":
  version "0.19.5"
  resolved "https://registry.yarnpkg.com/@esbuild/linux-loong64/-/linux-loong64-0.19.5.tgz#e5f0cf95a180158b01ff5f417da796a1c09dfbea"
  integrity sha512-42GwZMm5oYOD/JHqHska3Jg0r+XFb/fdZRX+WjADm3nLWLcIsN27YKtqxzQmGNJgu0AyXg4HtcSK9HuOk3v1Dw==

"@esbuild/linux-mips64el@0.19.5":
  version "0.19.5"
  resolved "https://registry.yarnpkg.com/@esbuild/linux-mips64el/-/linux-mips64el-0.19.5.tgz#ae36fb86c7d5f641f3a0c8472e83dcb6ea36a408"
  integrity sha512-kcjndCSMitUuPJobWCnwQ9lLjiLZUR3QLQmlgaBfMX23UEa7ZOrtufnRds+6WZtIS9HdTXqND4yH8NLoVVIkcg==

"@esbuild/linux-ppc64@0.19.5":
  version "0.19.5"
  resolved "https://registry.yarnpkg.com/@esbuild/linux-ppc64/-/linux-ppc64-0.19.5.tgz#7960cb1666f0340ddd9eef7b26dcea3835d472d0"
  integrity sha512-yJAxJfHVm0ZbsiljbtFFP1BQKLc8kUF6+17tjQ78QjqjAQDnhULWiTA6u0FCDmYT1oOKS9PzZ2z0aBI+Mcyj7Q==

"@esbuild/linux-riscv64@0.19.5":
  version "0.19.5"
  resolved "https://registry.yarnpkg.com/@esbuild/linux-riscv64/-/linux-riscv64-0.19.5.tgz#32207df26af60a3a9feea1783fc21b9817bade19"
  integrity sha512-5u8cIR/t3gaD6ad3wNt1MNRstAZO+aNyBxu2We8X31bA8XUNyamTVQwLDA1SLoPCUehNCymhBhK3Qim1433Zag==

"@esbuild/linux-s390x@0.19.5":
  version "0.19.5"
  resolved "https://registry.yarnpkg.com/@esbuild/linux-s390x/-/linux-s390x-0.19.5.tgz#b38d5681db89a3723862dfa792812397b1510a7d"
  integrity sha512-Z6JrMyEw/EmZBD/OFEFpb+gao9xJ59ATsoTNlj39jVBbXqoZm4Xntu6wVmGPB/OATi1uk/DB+yeDPv2E8PqZGw==

"@esbuild/linux-x64@0.19.5":
  version "0.19.5"
  resolved "https://registry.yarnpkg.com/@esbuild/linux-x64/-/linux-x64-0.19.5.tgz#46feba2ad041a241379d150f415b472fe3885075"
  integrity sha512-psagl+2RlK1z8zWZOmVdImisMtrUxvwereIdyJTmtmHahJTKb64pAcqoPlx6CewPdvGvUKe2Jw+0Z/0qhSbG1A==

"@esbuild/netbsd-x64@0.19.5":
  version "0.19.5"
  resolved "https://registry.yarnpkg.com/@esbuild/netbsd-x64/-/netbsd-x64-0.19.5.tgz#3b5c1fb068f26bfc681d31f682adf1bea4ef0702"
  integrity sha512-kL2l+xScnAy/E/3119OggX8SrWyBEcqAh8aOY1gr4gPvw76la2GlD4Ymf832UCVbmuWeTf2adkZDK+h0Z/fB4g==

"@esbuild/openbsd-x64@0.19.5":
  version "0.19.5"
  resolved "https://registry.yarnpkg.com/@esbuild/openbsd-x64/-/openbsd-x64-0.19.5.tgz#ca6830316ca68056c5c88a875f103ad3235e00db"
  integrity sha512-sPOfhtzFufQfTBgRnE1DIJjzsXukKSvZxloZbkJDG383q0awVAq600pc1nfqBcl0ice/WN9p4qLc39WhBShRTA==

"@esbuild/sunos-x64@0.19.5":
  version "0.19.5"
  resolved "https://registry.yarnpkg.com/@esbuild/sunos-x64/-/sunos-x64-0.19.5.tgz#9efc4eb9539a7be7d5a05ada52ee43cda0d8e2dd"
  integrity sha512-dGZkBXaafuKLpDSjKcB0ax0FL36YXCvJNnztjKV+6CO82tTYVDSH2lifitJ29jxRMoUhgkg9a+VA/B03WK5lcg==

"@esbuild/win32-arm64@0.19.5":
  version "0.19.5"
  resolved "https://registry.yarnpkg.com/@esbuild/win32-arm64/-/win32-arm64-0.19.5.tgz#29f8184afa7a02a956ebda4ed638099f4b8ff198"
  integrity sha512-dWVjD9y03ilhdRQ6Xig1NWNgfLtf2o/STKTS+eZuF90fI2BhbwD6WlaiCGKptlqXlURVB5AUOxUj09LuwKGDTg==

"@esbuild/win32-ia32@0.19.5":
  version "0.19.5"
  resolved "https://registry.yarnpkg.com/@esbuild/win32-ia32/-/win32-ia32-0.19.5.tgz#f3de07afb292ecad651ae4bb8727789de2d95b05"
  integrity sha512-4liggWIA4oDgUxqpZwrDhmEfAH4d0iljanDOK7AnVU89T6CzHon/ony8C5LeOdfgx60x5cnQJFZwEydVlYx4iw==

"@esbuild/win32-x64@0.19.5":
  version "0.19.5"
  resolved "https://registry.yarnpkg.com/@esbuild/win32-x64/-/win32-x64-0.19.5.tgz#faad84c41ba12e3a0acb52571df9bff37bee75f6"
  integrity sha512-czTrygUsB/jlM8qEW5MD8bgYU2Xg14lo6kBDXW6HdxKjh8M5PzETGiSHaz9MtbXBYDloHNUAUW2tMiKW4KM9Mw==

"@pixi/accessibility@7.3.2":
  version "7.3.2"
  resolved "https://registry.yarnpkg.com/@pixi/accessibility/-/accessibility-7.3.2.tgz#e823d96a2d032a5bbaccdf547fcf46746bfb865a"
  integrity sha512-MdkU22HTauRvq9cMeWZIQGaDDa86sr+m12rKNdLV+FaDQgP/AhP+qCVpK7IKeJa9BrWGXaYMw/vueij7HkyDSA==

"@pixi/app@7.3.2":
  version "7.3.2"
  resolved "https://registry.yarnpkg.com/@pixi/app/-/app-7.3.2.tgz#7121aaa11ffbf586738e2422db7e12464f6c46e7"
  integrity sha512-3YRFSMvAxDebAz3/JJv+2jzbPkT8cHC0IHmmLRN8krDL1pZV+YjMLgMwN/Oeyv5TSbwNqnrF5su5whNkRaxeZQ==

"@pixi/assets@7.3.2":
  version "7.3.2"
  resolved "https://registry.yarnpkg.com/@pixi/assets/-/assets-7.3.2.tgz#9f460f9939b60d12a6af184bf21978f714876421"
  integrity sha512-yteq6ptAxA09EcwU9D9hl7qr5yWIqy+c2PsXkTDkc76vTAwIamLY3KxLq2aR5y1U4L4O6aHFJd26uNhHcuTPmw==
  dependencies:
    "@types/css-font-loading-module" "^0.0.7"

"@pixi/color@7.3.2":
  version "7.3.2"
  resolved "https://registry.yarnpkg.com/@pixi/color/-/color-7.3.2.tgz#3a9f03ece87ed03748e1ee71658e1fc627c19981"
  integrity sha512-jur5PvdOtUBEUTjmPudW5qdQq6yYGlVGsi3HyhasJw14bN+GKJwiCKgIsyrsiNL5HBUXmje4ICwQohf6BqKqxA==
  dependencies:
    "@pixi/colord" "^2.9.6"

"@pixi/colord@^2.9.6":
  version "2.9.6"
  resolved "https://registry.yarnpkg.com/@pixi/colord/-/colord-2.9.6.tgz#7e4e7851480da6fd3cef4e331f008d60be7e1204"
  integrity sha512-nezytU2pw587fQstUu1AsJZDVEynjskwOL+kibwcdxsMBFqPsFFNA7xl0ii/gXuDi6M0xj3mfRJj8pBSc2jCfA==

"@pixi/compressed-textures@7.3.2":
  version "7.3.2"
  resolved "https://registry.yarnpkg.com/@pixi/compressed-textures/-/compressed-textures-7.3.2.tgz#2a0f6c809e5bbdfdf4933c47cd261d89f38a9612"
  integrity sha512-J3ENMHDPQO6CJRei55gqI0WmiZJIK6SgsW5AEkShT0aAe5miEBSomv70pXw/58ru+4/Hx8cXjamsGt4aQB2D0Q==

"@pixi/constants@7.3.2":
  version "7.3.2"
  resolved "https://registry.yarnpkg.com/@pixi/constants/-/constants-7.3.2.tgz#185b1fe4e65c936cdd59748111432f0878ee47d9"
  integrity sha512-Q8W3ncsFxmfgC5EtokpG92qJZabd+Dl+pbQAdHwiPY3v+8UNq77u4VN2qtl1Z04864hCcg7AStIYEDrzqTLF6Q==

"@pixi/core@7.3.2":
  version "7.3.2"
  resolved "https://registry.yarnpkg.com/@pixi/core/-/core-7.3.2.tgz#9c72234da688b665325fd5f8362537e0877a2443"
  integrity sha512-Pta3ee8MtJ3yKxGXzglBWgwbEOKMB6Eth+FpLTjL0rgxiqTB550YX6jsNEQQAzcGjCBlO3rC/IF57UZ2go/X6w==
  dependencies:
    "@pixi/color" "7.3.2"
    "@pixi/constants" "7.3.2"
    "@pixi/extensions" "7.3.2"
    "@pixi/math" "7.3.2"
    "@pixi/runner" "7.3.2"
    "@pixi/settings" "7.3.2"
    "@pixi/ticker" "7.3.2"
    "@pixi/utils" "7.3.2"
    "@types/offscreencanvas" "^2019.6.4"

"@pixi/display@7.3.2":
  version "7.3.2"
  resolved "https://registry.yarnpkg.com/@pixi/display/-/display-7.3.2.tgz#5d4005045ebd47db9974327df2f861e95ad84028"
  integrity sha512-cY5AnZ3TWt5GYGx4e5AQ2/2U9kP+RorBg/O30amJ+8e9bFk9rS8cjh/DDq/hc4lql96BkXAInTl40eHnAML5lQ==

"@pixi/events@7.3.2":
  version "7.3.2"
  resolved "https://registry.yarnpkg.com/@pixi/events/-/events-7.3.2.tgz#ff985f7dae291a440298b2d5d91dd63341aa36d7"
  integrity sha512-Moca9epu8jk1wIQCdVYjhz2pD9Ol21m50wvWUKvpgt9yM/AjkCLSDt8HO/PmTpavDrkhx5pVVWeDDA6FyUNaGA==

"@pixi/extensions@7.3.2":
  version "7.3.2"
  resolved "https://registry.yarnpkg.com/@pixi/extensions/-/extensions-7.3.2.tgz#8e5589c534d3866ddae023666891a793b308a256"
  integrity sha512-Qw84ADfvmVu4Mwj+zTik/IEEK9lWS5n4trbrpQCcEZ+Mb8oRAXWvKz199mi1s7+LaZXDqeCY1yr2PHQaFf1KBA==

"@pixi/extract@7.3.2":
  version "7.3.2"
  resolved "https://registry.yarnpkg.com/@pixi/extract/-/extract-7.3.2.tgz#b9a29e147bc1817d0400a7dfcd4fb7dbf972ce41"
  integrity sha512-KsoflvQZV/XD8A8xbtRnmI4reYekbI4MOi7ilwQe5tMz6O1mO7IzrSukxkSMD02f6SpbAqbi7a1EayTjvY0ECQ==

"@pixi/filter-alpha@7.3.2":
  version "7.3.2"
  resolved "https://registry.yarnpkg.com/@pixi/filter-alpha/-/filter-alpha-7.3.2.tgz#7404c5e1a73f148579d32547680a35dcf5a45a67"
  integrity sha512-nZMdn310wH5ZK1slwv3X4qT8eLoAGO7SgYGCy5IsMtpCtNObzE9XA4tAfhXrjihyzPS9KvszgAbnv1Qpfh0/uw==

"@pixi/filter-blur@7.3.2":
  version "7.3.2"
  resolved "https://registry.yarnpkg.com/@pixi/filter-blur/-/filter-blur-7.3.2.tgz#290eb8b464ab3885829918cde38f1b5e10532dc8"
  integrity sha512-unu3zhwHMhN+iAe7Td2rK40i2UJ2GOhzWK+6jcU3ZkMOsFCT5kgBoMRTejeQVcvCs6GoYK8imbkE7mXt05Vj6A==

"@pixi/filter-color-matrix@7.3.2":
  version "7.3.2"
  resolved "https://registry.yarnpkg.com/@pixi/filter-color-matrix/-/filter-color-matrix-7.3.2.tgz#80e6dfb75caa7118e51a39686d46371f3c5f2010"
  integrity sha512-rbyjes/9SMoV9jjPiK0sLMkmLfN8D17GoTJIfq/KLv1x9646W5fL2QSKkN04UkZ+020ndWvIOxK1S97tvRyCfg==

"@pixi/filter-displacement@7.3.2":
  version "7.3.2"
  resolved "https://registry.yarnpkg.com/@pixi/filter-displacement/-/filter-displacement-7.3.2.tgz#648a46b6c3afadc188d4b700834ca722f870338e"
  integrity sha512-ZHl7Sfb8JYd9Z6j96OHCC0NhMKhhXJRE5AbkSDohjEMVCK1BV5rDGAHV8WVt/2MJ/j83CXUpydzyMhdM4lMchg==

"@pixi/filter-fxaa@7.3.2":
  version "7.3.2"
  resolved "https://registry.yarnpkg.com/@pixi/filter-fxaa/-/filter-fxaa-7.3.2.tgz#47c6ac6703284a32570adfe2cbf77bba5295c3cf"
  integrity sha512-9brtlxDnQTZk2XiFBKdBK9e+8CX9LdxxcL7LRpjEyiHuAPvTlQgu9B85LrJ4GzWKqJJKaIIZBzhIoiCLUnfeXg==

"@pixi/filter-noise@7.3.2":
  version "7.3.2"
  resolved "https://registry.yarnpkg.com/@pixi/filter-noise/-/filter-noise-7.3.2.tgz#e5f1ea435611fa1a6f3c5a30f4ce3c86d90cc267"
  integrity sha512-F8GQQ20n7tCjThX6GCXckiXz2YffOCxicTJ0oat9aVDZh+sVsAxYX0aKSdHh0hhv18F0yuc6tPsSL5DYb63xFg==

"@pixi/graphics@7.3.2":
  version "7.3.2"
  resolved "https://registry.yarnpkg.com/@pixi/graphics/-/graphics-7.3.2.tgz#42928e8840c24b4f53882b26c95cbc5ef227bfdb"
  integrity sha512-PhU6j1yub4tH/s+/gqByzgZ3mLv1mfb6iGXbquycg3+WypcxHZn0opFtI/axsazaQ9SEaWxw1m3i40WG5ANH5g==

"@pixi/math@7.3.2":
  version "7.3.2"
  resolved "https://registry.yarnpkg.com/@pixi/math/-/math-7.3.2.tgz#bcf2357d8bfa2a7836d645063b1f854c4a24d745"
  integrity sha512-dutoZ0IVJ5ME7UtYNo2szu4D7qsgtJB7e3ylujBVu7BOP2e710BVtFwFSFV768N14h9H5roGnuzVoDiJac2u+w==

"@pixi/mesh-extras@7.3.2":
  version "7.3.2"
  resolved "https://registry.yarnpkg.com/@pixi/mesh-extras/-/mesh-extras-7.3.2.tgz#fc00a6acb811a0780ce7b54ade844b32d20c9621"
  integrity sha512-s/tg9TsTZZxLEdCDKWnBChDGkc041HCTP7ykJv4fEROzb9B0lskULYyvv+/YNNKa2Ugb9WnkMknpOdOXCpjyyg==

"@pixi/mesh@7.3.2":
  version "7.3.2"
  resolved "https://registry.yarnpkg.com/@pixi/mesh/-/mesh-7.3.2.tgz#e0159b03c1ae60dfba7c8e87f84c4400e4bcc9c7"
  integrity sha512-LFkt7ELYXQLgbgHpjl68j6JD5ejUwma8zoPn2gqSBbY+6pK/phjvV1Wkh76muF46VvNulgXF0+qLIDdCsfrDaA==

"@pixi/mixin-cache-as-bitmap@7.3.2":
  version "7.3.2"
  resolved "https://registry.yarnpkg.com/@pixi/mixin-cache-as-bitmap/-/mixin-cache-as-bitmap-7.3.2.tgz#dc6b53f370444b12e58593aebc87231fff88f20e"
  integrity sha512-bZRlyUN5+9kCUjn67V0IFtYIrbmx9Vs4sMOmXyrX3Q4B4gPLE46IzZz3v0IVaTjp32udlQztfJalIaWbuqgb3A==

"@pixi/mixin-get-child-by-name@7.3.2":
  version "7.3.2"
  resolved "https://registry.yarnpkg.com/@pixi/mixin-get-child-by-name/-/mixin-get-child-by-name-7.3.2.tgz#59ac446c3c75e096aee8d36bdb72bd4aa1430a4d"
  integrity sha512-mbUi3WxXrkViH7qOgjk4fu2BN36NwNb7u+Fy1J5dS8Bntj57ZVKmEV9PbUy0zYjXE8rVmeAvSu/2kbn5n9UutQ==

"@pixi/mixin-get-global-position@7.3.2":
  version "7.3.2"
  resolved "https://registry.yarnpkg.com/@pixi/mixin-get-global-position/-/mixin-get-global-position-7.3.2.tgz#84efe8bf315e7e1f539435281302c938d98725ab"
  integrity sha512-1nhWbBgmw6rK7yQJxzeI9yjKYYEkM5i3pee8qVu4YWo3b1xWVQA7osQG7aGM/4qywDkXaA1ZvciA5hfg6f4Q5Q==

"@pixi/particle-container@7.3.2":
  version "7.3.2"
  resolved "https://registry.yarnpkg.com/@pixi/particle-container/-/particle-container-7.3.2.tgz#7e2826ea986a1cf2954830eab99b7f8bee4042d7"
  integrity sha512-JYc4j4z97KmxyLp+1Lg0SNi8hy6RxcBBNQGk+CSLNXeDWxx3hykT5gj/ORX1eXyzHh1ZCG1XzeVS9Yr8QhlFHA==

"@pixi/prepare@7.3.2":
  version "7.3.2"
  resolved "https://registry.yarnpkg.com/@pixi/prepare/-/prepare-7.3.2.tgz#d643bbab6df768c52819806a186063ea13bb2c73"
  integrity sha512-aLPAXSYLUhMwxzJtn9m0TSZe+dQlZCt09QNBqYbSi8LZId54QMDyvfBb4zBOJZrD2xAZgYL5RIJuKHwZtFX6lQ==

"@pixi/runner@7.3.2":
  version "7.3.2"
  resolved "https://registry.yarnpkg.com/@pixi/runner/-/runner-7.3.2.tgz#5cd89cba0a604272e7320d292fedca36a681c486"
  integrity sha512-maKotoKJCQiQGBJwfM+iYdQKjrPN/Tn9+72F4WIf706zp/5vKoxW688Rsktg5BX4Mcn7ZkZvcJYTxj2Mv87lFA==

"@pixi/settings@7.3.2":
  version "7.3.2"
  resolved "https://registry.yarnpkg.com/@pixi/settings/-/settings-7.3.2.tgz#6c14babf416d6c9ddb72f07b0c517ae0353a38b6"
  integrity sha512-vtxzuARDTbFe0fRYSqB53B+mPpX7v+QjjnCUmVMVvZiWr3QcngMWVml6c6dQDln7IakWoKZRrNG4FpggvDgLVg==
  dependencies:
    "@pixi/constants" "7.3.2"
    "@types/css-font-loading-module" "^0.0.7"
    ismobilejs "^1.1.0"

"@pixi/sprite-animated@7.3.2":
  version "7.3.2"
  resolved "https://registry.yarnpkg.com/@pixi/sprite-animated/-/sprite-animated-7.3.2.tgz#a35891380b4c0e4029170fe5cbcbbb9edbba07c5"
  integrity sha512-j9pyUe4cefxE9wecNfbWQyL5fBQKvCGYaOA0DE1X46ukBHrIuhA8u3jg2X3N3r4IcbVvxpWFYDrDsWXWeiBmSw==

"@pixi/sprite-tiling@7.3.2":
  version "7.3.2"
  resolved "https://registry.yarnpkg.com/@pixi/sprite-tiling/-/sprite-tiling-7.3.2.tgz#d1c75c7a4ffd7e92a68f95cd4bbb5be0b9eb6c66"
  integrity sha512-tWVVb/rMIx5AczfUrVxa0dZaIufP5C0IOL7IGfFUDQqDu5JSAUC0mwLe4F12jAXBVsqYhCGYx5bIHbPiI5vcSQ==

"@pixi/sprite@7.3.2":
  version "7.3.2"
  resolved "https://registry.yarnpkg.com/@pixi/sprite/-/sprite-7.3.2.tgz#421bea2ccfc51230886e3533d99eeb00e5bf6bf8"
  integrity sha512-IpWTKXExJNXVcY7ITopJ+JW48DahdbCo/81D2IYzBImq3jyiJM2Km5EoJgvAM5ZQ3Ev3KPPIBzYLD+HoPWcxdw==

"@pixi/spritesheet@7.3.2":
  version "7.3.2"
  resolved "https://registry.yarnpkg.com/@pixi/spritesheet/-/spritesheet-7.3.2.tgz#9fd551cef05c2302d1999c895510eeba038350e7"
  integrity sha512-UkwqrPYDqrEdK5ub9qn/9VBvt5caA8ffV5iYR6ssCvrpaQovBKmS+b5pr/BYf8xNTExDpR3OmPIo8iDEYWWLuw==

"@pixi/text-bitmap@7.3.2":
  version "7.3.2"
  resolved "https://registry.yarnpkg.com/@pixi/text-bitmap/-/text-bitmap-7.3.2.tgz#68a7c21ce4174d34e46d4a957d4083f687fed3be"
  integrity sha512-p8KLgtZSPowWU/Zj+GVtfsUT8uGYo4TtKKYbLoWuxkRA5Pc1+4C9/rV/EOSFfoZIdW5C+iFg5VxRgBllUQf+aA==

"@pixi/text-html@7.3.2":
  version "7.3.2"
  resolved "https://registry.yarnpkg.com/@pixi/text-html/-/text-html-7.3.2.tgz#443f669a3444386a62e28dd8f3da66e45593df05"
  integrity sha512-IYhBWEPOvqUtlHkS5/c1Hseuricj5jrrGd21ivcvHmcnK/x2m+CRGvvzeBp1mqoYBnDbQVrD2wSXSe4Dv9tEJA==

"@pixi/text@7.3.2":
  version "7.3.2"
  resolved "https://registry.yarnpkg.com/@pixi/text/-/text-7.3.2.tgz#c38dcecd3b6aceec53b1d4207327812d88b1cf26"
  integrity sha512-LdtNj+K5tPB/0UcDcO52M/C7xhwFTGFhtdF42fPhRuJawM23M3zm1Y8PapXv+mury+IxCHT1w30YlAi0qTVpKQ==

"@pixi/ticker@7.3.2":
  version "7.3.2"
  resolved "https://registry.yarnpkg.com/@pixi/ticker/-/ticker-7.3.2.tgz#898278eb07da4dc4c38cc710c1fff0c7ad5c6099"
  integrity sha512-5kIPhBeXwDJohCzKzJJ6T7f1oAGbHAgeiwOjlTO+9lNXUX8ZPj0407V3syuF+64kFqJzIBCznBRpI+fmT4c9SA==
  dependencies:
    "@pixi/extensions" "7.3.2"
    "@pixi/settings" "7.3.2"
    "@pixi/utils" "7.3.2"

"@pixi/utils@7.3.2":
  version "7.3.2"
  resolved "https://registry.yarnpkg.com/@pixi/utils/-/utils-7.3.2.tgz#556499eae6439259551ab9b86efb039522b61611"
  integrity sha512-KhNvj9YcY7Zi2dTKZgDpx8C6OxKKR541vwtG6JgdBZZYDeMBOIghN2Vi5zn4diW5BhDfHBmdSJ1wZXEtE2MDwg==
  dependencies:
    "@pixi/color" "7.3.2"
    "@pixi/constants" "7.3.2"
    "@pixi/settings" "7.3.2"
    "@types/earcut" "^2.1.0"
    earcut "^2.2.4"
    eventemitter3 "^4.0.0"
    url "^0.11.0"

"@rollup/rollup-android-arm-eabi@4.5.0":
  version "4.5.0"
  resolved "https://registry.yarnpkg.com/@rollup/rollup-android-arm-eabi/-/rollup-android-arm-eabi-4.5.0.tgz#5984f98288150a2c34928de023bbd122d61ce754"
  integrity sha512-OINaBGY+Wc++U0rdr7BLuFClxcoWaVW3vQYqmQq6B3bqQ/2olkaoz+K8+af/Mmka/C2yN5j+L9scBkv4BtKsDA==

"@rollup/rollup-android-arm64@4.5.0":
  version "4.5.0"
  resolved "https://registry.yarnpkg.com/@rollup/rollup-android-arm64/-/rollup-android-arm64-4.5.0.tgz#8456a8c623cca4042ae4bf2ce03d875a02433191"
  integrity sha512-UdMf1pOQc4ZmUA/NTmKhgJTBimbSKnhPS2zJqucqFyBRFPnPDtwA8MzrGNTjDeQbIAWfpJVAlxejw+/lQyBK/w==

"@rollup/rollup-darwin-arm64@4.5.0":
  version "4.5.0"
  resolved "https://registry.yarnpkg.com/@rollup/rollup-darwin-arm64/-/rollup-darwin-arm64-4.5.0.tgz#76be6832eee21dabc28f84f9f54fbfcc66615992"
  integrity sha512-L0/CA5p/idVKI+c9PcAPGorH6CwXn6+J0Ys7Gg1axCbTPgI8MeMlhA6fLM9fK+ssFhqogMHFC8HDvZuetOii7w==

"@rollup/rollup-darwin-x64@4.5.0":
  version "4.5.0"
  resolved "https://registry.yarnpkg.com/@rollup/rollup-darwin-x64/-/rollup-darwin-x64-4.5.0.tgz#66bd162a3fea48cb1cef50cedccfbeee5685b444"
  integrity sha512-QZCbVqU26mNlLn8zi/XDDquNmvcr4ON5FYAHQQsyhrHx8q+sQi/6xduoznYXwk/KmKIXG5dLfR0CvY+NAWpFYQ==

"@rollup/rollup-linux-arm-gnueabihf@4.5.0":
  version "4.5.0"
  resolved "https://registry.yarnpkg.com/@rollup/rollup-linux-arm-gnueabihf/-/rollup-linux-arm-gnueabihf-4.5.0.tgz#a0e6b2a1d67a4ba0c2a61985175f65c05abc5f73"
  integrity sha512-VpSQ+xm93AeV33QbYslgf44wc5eJGYfYitlQzAi3OObu9iwrGXEnmu5S3ilkqE3Pr/FkgOiJKV/2p0ewf4Hrtg==

"@rollup/rollup-linux-arm64-gnu@4.5.0":
  version "4.5.0"
  resolved "https://registry.yarnpkg.com/@rollup/rollup-linux-arm64-gnu/-/rollup-linux-arm64-gnu-4.5.0.tgz#5434b844a47ba4e35602ee312de9f39b38b1777b"
  integrity sha512-OrEyIfpxSsMal44JpEVx9AEcGpdBQG1ZuWISAanaQTSMeStBW+oHWwOkoqR54bw3x8heP8gBOyoJiGg+fLY8qQ==

"@rollup/rollup-linux-arm64-musl@4.5.0":
  version "4.5.0"
  resolved "https://registry.yarnpkg.com/@rollup/rollup-linux-arm64-musl/-/rollup-linux-arm64-musl-4.5.0.tgz#149cab95107821fe4ae46d5f2c0658c5b0e56b9c"
  integrity sha512-1H7wBbQuE6igQdxMSTjtFfD+DGAudcYWhp106z/9zBA8OQhsJRnemO4XGavdzHpGhRtRxbgmUGdO3YQgrWf2RA==

"@rollup/rollup-linux-x64-gnu@4.5.0":
  version "4.5.0"
  resolved "https://registry.yarnpkg.com/@rollup/rollup-linux-x64-gnu/-/rollup-linux-x64-gnu-4.5.0.tgz#6929bf3013e9d599605953ea1bc51f35376bfff7"
  integrity sha512-FVyFI13tXw5aE65sZdBpNjPVIi4Q5mARnL/39UIkxvSgRAIqCo5sCpCELk0JtXHGee2owZz5aNLbWNfBHzr71Q==

"@rollup/rollup-linux-x64-musl@4.5.0":
  version "4.5.0"
  resolved "https://registry.yarnpkg.com/@rollup/rollup-linux-x64-musl/-/rollup-linux-x64-musl-4.5.0.tgz#a17f5decabf05b74aad684de56cf43a72a289a0b"
  integrity sha512-eBPYl2sLpH/o8qbSz6vPwWlDyThnQjJfcDOGFbNjmjb44XKC1F5dQfakOsADRVrXCNzM6ZsSIPDG5dc6HHLNFg==

"@rollup/rollup-win32-arm64-msvc@4.5.0":
  version "4.5.0"
  resolved "https://registry.yarnpkg.com/@rollup/rollup-win32-arm64-msvc/-/rollup-win32-arm64-msvc-4.5.0.tgz#f145f10c33aa187a11fd60933465be46667e6e42"
  integrity sha512-xaOHIfLOZypoQ5U2I6rEaugS4IYtTgP030xzvrBf5js7p9WI9wik07iHmsKaej8Z83ZDxN5GyypfoyKV5O5TJA==

"@rollup/rollup-win32-ia32-msvc@4.5.0":
  version "4.5.0"
  resolved "https://registry.yarnpkg.com/@rollup/rollup-win32-ia32-msvc/-/rollup-win32-ia32-msvc-4.5.0.tgz#798614b191f9ce1dc58079d1dfbc234c71df9e0e"
  integrity sha512-Al6quztQUrHwcOoU2TuFblUQ5L+/AmPBXFR6dUvyo4nRj2yQRK0WIUaGMF/uwKulvRcXkpHe3k9A8Vf93VDktA==

"@rollup/rollup-win32-x64-msvc@4.5.0":
  version "4.5.0"
  resolved "https://registry.yarnpkg.com/@rollup/rollup-win32-x64-msvc/-/rollup-win32-x64-msvc-4.5.0.tgz#748970e066839e33ed8c935061e370c4ab050517"
  integrity sha512-8kdW+brNhI/NzJ4fxDufuJUjepzINqJKLGHuxyAtpPG9bMbn8P5mtaCcbOm0EzLJ+atg+kF9dwg8jpclkVqx5w==

"@types/css-font-loading-module@^0.0.7":
  version "0.0.7"
  resolved "https://registry.yarnpkg.com/@types/css-font-loading-module/-/css-font-loading-module-0.0.7.tgz#2f98ede46acc0975de85c0b7b0ebe06041d24601"
  integrity sha512-nl09VhutdjINdWyXxHWN/w9zlNCfr60JUqJbd24YXUuCwgeL0TpFSdElCwb6cxfB6ybE19Gjj4g0jsgkXxKv1Q==

"@types/earcut@^2.1.0":
  version "2.1.4"
  resolved "https://registry.yarnpkg.com/@types/earcut/-/earcut-2.1.4.tgz#5811d7d333048f5a7573b22ddc84923e69596da6"
  integrity sha512-qp3m9PPz4gULB9MhjGID7wpo3gJ4bTGXm7ltNDsmOvsPduTeHp8wSW9YckBj3mljeOh4F0m2z/0JKAALRKbmLQ==

"@types/offscreencanvas@^2019.6.4":
  version "2019.7.3"
  resolved "https://registry.yarnpkg.com/@types/offscreencanvas/-/offscreencanvas-2019.7.3.tgz#90267db13f64d6e9ccb5ae3eac92786a7c77a516"
  integrity sha512-ieXiYmgSRXUDeOntE1InxjWyvEelZGP63M+cGuquuRLuIKKT1osnkXjxev9B7d1nXSug5vpunx+gNlbVxMlC9A==

call-bind@^1.0.0:
  version "1.0.5"
  resolved "https://registry.yarnpkg.com/call-bind/-/call-bind-1.0.5.tgz#6fa2b7845ce0ea49bf4d8b9ef64727a2c2e2e513"
  integrity sha512-C3nQxfFZxFRVoJoGKKI8y3MOEo129NQ+FgQ08iye+Mk4zNZZGdjfs06bVTr+DBSlA66Q2VEcMki/cUCP4SercQ==
  dependencies:
    function-bind "^1.1.2"
    get-intrinsic "^1.2.1"
    set-function-length "^1.1.1"

define-data-property@^1.1.1:
  version "1.1.1"
  resolved "https://registry.yarnpkg.com/define-data-property/-/define-data-property-1.1.1.tgz#c35f7cd0ab09883480d12ac5cb213715587800b3"
  integrity sha512-E7uGkTzkk1d0ByLeSc6ZsFS79Axg+m1P/VsgYsxHgiuc3tFSj+MjMIwe90FC4lOAZzNBdY7kkO2P2wKdsQ1vgQ==
  dependencies:
    get-intrinsic "^1.2.1"
    gopd "^1.0.1"
    has-property-descriptors "^1.0.0"

earcut@^2.2.4:
  version "2.2.4"
  resolved "https://registry.yarnpkg.com/earcut/-/earcut-2.2.4.tgz#6d02fd4d68160c114825d06890a92ecaae60343a"
  integrity sha512-/pjZsA1b4RPHbeWZQn66SWS8nZZWLQQ23oE3Eam7aroEFGEvwKAsJfZ9ytiEMycfzXWpca4FA9QIOehf7PocBQ==

esbuild@^0.19.3:
  version "0.19.5"
  resolved "https://registry.yarnpkg.com/esbuild/-/esbuild-0.19.5.tgz#53a0e19dfbf61ba6c827d51a80813cf071239a8c"
  integrity sha512-bUxalY7b1g8vNhQKdB24QDmHeY4V4tw/s6Ak5z+jJX9laP5MoQseTOMemAr0gxssjNcH0MCViG8ONI2kksvfFQ==
  optionalDependencies:
    "@esbuild/android-arm" "0.19.5"
    "@esbuild/android-arm64" "0.19.5"
    "@esbuild/android-x64" "0.19.5"
    "@esbuild/darwin-arm64" "0.19.5"
    "@esbuild/darwin-x64" "0.19.5"
    "@esbuild/freebsd-arm64" "0.19.5"
    "@esbuild/freebsd-x64" "0.19.5"
    "@esbuild/linux-arm" "0.19.5"
    "@esbuild/linux-arm64" "0.19.5"
    "@esbuild/linux-ia32" "0.19.5"
    "@esbuild/linux-loong64" "0.19.5"
    "@esbuild/linux-mips64el" "0.19.5"
    "@esbuild/linux-ppc64" "0.19.5"
    "@esbuild/linux-riscv64" "0.19.5"
    "@esbuild/linux-s390x" "0.19.5"
    "@esbuild/linux-x64" "0.19.5"
    "@esbuild/netbsd-x64" "0.19.5"
    "@esbuild/openbsd-x64" "0.19.5"
    "@esbuild/sunos-x64" "0.19.5"
    "@esbuild/win32-arm64" "0.19.5"
    "@esbuild/win32-ia32" "0.19.5"
    "@esbuild/win32-x64" "0.19.5"

eventemitter3@^4.0.0:
  version "4.0.7"
  resolved "https://registry.yarnpkg.com/eventemitter3/-/eventemitter3-4.0.7.tgz#2de9b68f6528d5644ef5c59526a1b4a07306169f"
  integrity sha512-8guHBZCwKnFhYdHr2ysuRWErTwhoN2X8XELRlrRwpmfeY2jjuUN4taQMsULKUVo1K4DvZl+0pgfyoysHxvmvEw==

fsevents@~2.3.2, fsevents@~2.3.3:
  version "2.3.3"
  resolved "https://registry.yarnpkg.com/fsevents/-/fsevents-2.3.3.tgz#cac6407785d03675a2a5e1a5305c697b347d90d6"
  integrity sha512-5xoDfX+fL7faATnagmWPpbFtwh/R77WmMMqqHGS65C3vvB0YHrgF+B1YmZ3441tMj5n63k0212XNoJwzlhffQw==

function-bind@^1.1.2:
  version "1.1.2"
  resolved "https://registry.yarnpkg.com/function-bind/-/function-bind-1.1.2.tgz#2c02d864d97f3ea6c8830c464cbd11ab6eab7a1c"
  integrity sha512-7XHNxH7qX9xG5mIwxkhumTox/MIRNcOgDrxWsMt2pAr23WHp6MrRlN7FBSFpCpr+oVO0F744iUgR82nJMfG2SA==

get-intrinsic@^1.0.2, get-intrinsic@^1.1.3, get-intrinsic@^1.2.1, get-intrinsic@^1.2.2:
  version "1.2.2"
  resolved "https://registry.yarnpkg.com/get-intrinsic/-/get-intrinsic-1.2.2.tgz#281b7622971123e1ef4b3c90fd7539306da93f3b"
  integrity sha512-0gSo4ml/0j98Y3lngkFEot/zhiCeWsbYIlZ+uZOVgzLyLaUw7wxUL+nCTP0XJvJg1AXulJRI3UJi8GsbDuxdGA==
  dependencies:
    function-bind "^1.1.2"
    has-proto "^1.0.1"
    has-symbols "^1.0.3"
    hasown "^2.0.0"

gopd@^1.0.1:
  version "1.0.1"
  resolved "https://registry.yarnpkg.com/gopd/-/gopd-1.0.1.tgz#29ff76de69dac7489b7c0918a5788e56477c332c"
  integrity sha512-d65bNlIadxvpb/A2abVdlqKqV563juRnZ1Wtk6s1sIR8uNsXR70xqIzVqxVf1eTqDunwT2MkczEeaezCKTZhwA==
  dependencies:
    get-intrinsic "^1.1.3"

has-property-descriptors@^1.0.0:
  version "1.0.1"
  resolved "https://registry.yarnpkg.com/has-property-descriptors/-/has-property-descriptors-1.0.1.tgz#52ba30b6c5ec87fd89fa574bc1c39125c6f65340"
  integrity sha512-VsX8eaIewvas0xnvinAe9bw4WfIeODpGYikiWYLH+dma0Jw6KHYqWiWfhQlgOVK8D6PvjubK5Uc4P0iIhIcNVg==
  dependencies:
    get-intrinsic "^1.2.2"

has-proto@^1.0.1:
  version "1.0.1"
  resolved "https://registry.yarnpkg.com/has-proto/-/has-proto-1.0.1.tgz#1885c1305538958aff469fef37937c22795408e0"
  integrity sha512-7qE+iP+O+bgF9clE5+UoBFzE65mlBiVj3tKCrlNQ0Ogwm0BjpT/gK4SlLYDMybDh5I3TCTKnPPa0oMG7JDYrhg==

has-symbols@^1.0.3:
  version "1.0.3"
  resolved "https://registry.yarnpkg.com/has-symbols/-/has-symbols-1.0.3.tgz#bb7b2c4349251dce87b125f7bdf874aa7c8b39f8"
  integrity sha512-l3LCuF6MgDNwTDKkdYGEihYjt5pRPbEg46rtlmnSPlUbgmB8LOIrKJbYYFBSbnPaJexMKtiPO8hmeRjRz2Td+A==

hasown@^2.0.0:
  version "2.0.0"
  resolved "https://registry.yarnpkg.com/hasown/-/hasown-2.0.0.tgz#f4c513d454a57b7c7e1650778de226b11700546c"
  integrity sha512-vUptKVTpIJhcczKBbgnS+RtcuYMB8+oNzPK2/Hp3hanz8JmpATdmmgLgSaadVREkDm+e2giHwY3ZRkyjSIDDFA==
  dependencies:
    function-bind "^1.1.2"

ismobilejs@^1.1.0:
  version "1.1.1"
  resolved "https://registry.yarnpkg.com/ismobilejs/-/ismobilejs-1.1.1.tgz#c56ca0ae8e52b24ca0f22ba5ef3215a2ddbbaa0e"
  integrity sha512-VaFW53yt8QO61k2WJui0dHf4SlL8lxBofUuUmwBo0ljPk0Drz2TiuDW4jo3wDcv41qy/SxrJ+VAzJ/qYqsmzRw==

nanoid@^3.3.6:
  version "3.3.7"
  resolved "https://registry.yarnpkg.com/nanoid/-/nanoid-3.3.7.tgz#d0c301a691bc8d54efa0a2226ccf3fe2fd656bd8"
  integrity sha512-eSRppjcPIatRIMC1U6UngP8XFcz8MQWGQdt1MTBQ7NaAmvXDfvNxbvWV3x2y6CdEUciCSsDHDQZbhYaB8QEo2g==

object-inspect@^1.9.0:
  version "1.13.1"
  resolved "https://registry.yarnpkg.com/object-inspect/-/object-inspect-1.13.1.tgz#b96c6109324ccfef6b12216a956ca4dc2ff94bc2"
  integrity sha512-5qoj1RUiKOMsCCNLV1CBiPYE10sziTsnmNxkAI/rZhiD63CF7IqdFGC/XzjWjpSgLf0LxXX3bDFIh0E18f6UhQ==

picocolors@^1.0.0:
  version "1.0.0"
  resolved "https://registry.yarnpkg.com/picocolors/-/picocolors-1.0.0.tgz#cb5bdc74ff3f51892236eaf79d68bc44564ab81c"
  integrity sha512-1fygroTLlHu66zi26VoTDv8yRgm0Fccecssto+MhsZ0D/DGW2sm8E8AjW7NU5VVTRt5GxbeZ5qBuJr+HyLYkjQ==

pixi.js@^7.3.2:
  version "7.3.2"
  resolved "https://registry.yarnpkg.com/pixi.js/-/pixi.js-7.3.2.tgz#86f0287a3763e9141691f496e384a2763fb6552c"
  integrity sha512-GJickUrT3UcBInGT1CU6cv2oktCdocE5QM74CD3t+weiJPPWIzleNlp7zrBR5QIDdU6bEO8CUgUXH2Y9QvlCMw==
  dependencies:
    "@pixi/accessibility" "7.3.2"
    "@pixi/app" "7.3.2"
    "@pixi/assets" "7.3.2"
    "@pixi/compressed-textures" "7.3.2"
    "@pixi/core" "7.3.2"
    "@pixi/display" "7.3.2"
    "@pixi/events" "7.3.2"
    "@pixi/extensions" "7.3.2"
    "@pixi/extract" "7.3.2"
    "@pixi/filter-alpha" "7.3.2"
    "@pixi/filter-blur" "7.3.2"
    "@pixi/filter-color-matrix" "7.3.2"
    "@pixi/filter-displacement" "7.3.2"
    "@pixi/filter-fxaa" "7.3.2"
    "@pixi/filter-noise" "7.3.2"
    "@pixi/graphics" "7.3.2"
    "@pixi/mesh" "7.3.2"
    "@pixi/mesh-extras" "7.3.2"
    "@pixi/mixin-cache-as-bitmap" "7.3.2"
    "@pixi/mixin-get-child-by-name" "7.3.2"
    "@pixi/mixin-get-global-position" "7.3.2"
    "@pixi/particle-container" "7.3.2"
    "@pixi/prepare" "7.3.2"
    "@pixi/sprite" "7.3.2"
    "@pixi/sprite-animated" "7.3.2"
    "@pixi/sprite-tiling" "7.3.2"
    "@pixi/spritesheet" "7.3.2"
    "@pixi/text" "7.3.2"
    "@pixi/text-bitmap" "7.3.2"
    "@pixi/text-html" "7.3.2"

postcss@^8.4.31:
  version "8.4.31"
  resolved "https://registry.yarnpkg.com/postcss/-/postcss-8.4.31.tgz#92b451050a9f914da6755af352bdc0192508656d"
  integrity sha512-PS08Iboia9mts/2ygV3eLpY5ghnUcfLV/EXTOW1E2qYxJKGGBUtNjN76FYHnMs36RmARn41bC0AZmn+rR0OVpQ==
  dependencies:
    nanoid "^3.3.6"
    picocolors "^1.0.0"
    source-map-js "^1.0.2"

punycode@^1.4.1:
  version "1.4.1"
  resolved "https://registry.yarnpkg.com/punycode/-/punycode-1.4.1.tgz#c0d5a63b2718800ad8e1eb0fa5269c84dd41845e"
  integrity sha512-jmYNElW7yvO7TV33CjSmvSiE2yco3bV2czu/OzDKdMNVZQWfxCblURLhf+47syQRBntjfLdd/H0egrzIG+oaFQ==

qs@^6.11.2:
  version "6.11.2"
  resolved "https://registry.yarnpkg.com/qs/-/qs-6.11.2.tgz#64bea51f12c1f5da1bc01496f48ffcff7c69d7d9"
  integrity sha512-tDNIz22aBzCDxLtVH++VnTfzxlfeK5CbqohpSqpJgj1Wg/cQbStNAz3NuqCs5vV+pjBsK4x4pN9HlVh7rcYRiA==
  dependencies:
    side-channel "^1.0.4"

rollup@^4.2.0:
  version "4.5.0"
  resolved "https://registry.yarnpkg.com/rollup/-/rollup-4.5.0.tgz#358ee6947fe0e4c8bacdae6896539cade3107655"
  integrity sha512-41xsWhzxqjMDASCxH5ibw1mXk+3c4TNI2UjKbLxe6iEzrSQnqOzmmK8/3mufCPbzHNJ2e04Fc1ddI35hHy+8zg==
  optionalDependencies:
    "@rollup/rollup-android-arm-eabi" "4.5.0"
    "@rollup/rollup-android-arm64" "4.5.0"
    "@rollup/rollup-darwin-arm64" "4.5.0"
    "@rollup/rollup-darwin-x64" "4.5.0"
    "@rollup/rollup-linux-arm-gnueabihf" "4.5.0"
    "@rollup/rollup-linux-arm64-gnu" "4.5.0"
    "@rollup/rollup-linux-arm64-musl" "4.5.0"
    "@rollup/rollup-linux-x64-gnu" "4.5.0"
    "@rollup/rollup-linux-x64-musl" "4.5.0"
    "@rollup/rollup-win32-arm64-msvc" "4.5.0"
    "@rollup/rollup-win32-ia32-msvc" "4.5.0"
    "@rollup/rollup-win32-x64-msvc" "4.5.0"
    fsevents "~2.3.2"

set-function-length@^1.1.1:
  version "1.1.1"
  resolved "https://registry.yarnpkg.com/set-function-length/-/set-function-length-1.1.1.tgz#4bc39fafb0307224a33e106a7d35ca1218d659ed"
  integrity sha512-VoaqjbBJKiWtg4yRcKBQ7g7wnGnLV3M8oLvVWwOk2PdYY6PEFegR1vezXR0tw6fZGF9csVakIRjrJiy2veSBFQ==
  dependencies:
    define-data-property "^1.1.1"
    get-intrinsic "^1.2.1"
    gopd "^1.0.1"
    has-property-descriptors "^1.0.0"

side-channel@^1.0.4:
  version "1.0.4"
  resolved "https://registry.yarnpkg.com/side-channel/-/side-channel-1.0.4.tgz#efce5c8fdc104ee751b25c58d4290011fa5ea2cf"
  integrity sha512-q5XPytqFEIKHkGdiMIrY10mvLRvnQh42/+GoBlFW3b2LXLE2xxJpZFdm94we0BaoV3RwJyGqg5wS7epxTv0Zvw==
  dependencies:
    call-bind "^1.0.0"
    get-intrinsic "^1.0.2"
    object-inspect "^1.9.0"

source-map-js@^1.0.2:
  version "1.0.2"
  resolved "https://registry.yarnpkg.com/source-map-js/-/source-map-js-1.0.2.tgz#adbc361d9c62df380125e7f161f71c826f1e490c"
  integrity sha512-R0XvVJ9WusLiqTCEiGCmICCMplcCkIwwR11mOSD9CR5u+IXYdiseeEuXCVAjS54zqwkLcPNnmU4OeJ6tUrWhDw==

url@^0.11.0:
  version "0.11.3"
  resolved "https://registry.yarnpkg.com/url/-/url-0.11.3.tgz#6f495f4b935de40ce4a0a52faee8954244f3d3ad"
  integrity sha512-6hxOLGfZASQK/cijlZnZJTq8OXAkt/3YGfQX45vvMYXpZoo8NdWZcY73K108Jf759lS1Bv/8wXnHDTSz17dSRw==
  dependencies:
    punycode "^1.4.1"
    qs "^6.11.2"

vite@^5.0.0:
  version "5.0.0"
  resolved "https://registry.yarnpkg.com/vite/-/vite-5.0.0.tgz#3bfb65acda2a97127e4fa240156664a1f234ce08"
  integrity sha512-ESJVM59mdyGpsiNAeHQOR/0fqNoOyWPYesFto8FFZugfmhdHx8Fzd8sF3Q/xkVhZsyOxHfdM7ieiVAorI9RjFw==
  dependencies:
    esbuild "^0.19.3"
    postcss "^8.4.31"
    rollup "^4.2.0"
  optionalDependencies:
    fsevents "~2.3.3"
